// !$*UTF8*$!
{
	archiveVersion = 1;
	classes = {
	};
	objectVersion = 56;
	objects = {

/* Begin PBXBuildFile section */
		F71515592D86795E001D55C3 /* Kingfisher in Frameworks */ = {isa = PBXBuildFile; productRef = F71515582D86795E001D55C3 /* Kingfisher */; };
		F715155B2D868E26001D55C3 /* PhotoUploadView.swift in Sources */ = {isa = PBXBuildFile; fileRef = F715155A2D868E26001D55C3 /* PhotoUploadView.swift */; };
		F715155D2D869B14001D55C3 /* EventImageUpdateView.swift in Sources */ = {isa = PBXBuildFile; fileRef = F715155C2D869B14001D55C3 /* EventImageUpdateView.swift */; };
		F715155F2D86A0E7001D55C3 /* EventRecommendationService.swift in Sources */ = {isa = PBXBuildFile; fileRef = F715155E2D86A0E7001D55C3 /* EventRecommendationService.swift */; };
		F71515612D86A15F001D55C3 /* RecommendedEventsViewModel.swift in Sources */ = {isa = PBXBuildFile; fileRef = F71515602D86A15F001D55C3 /* RecommendedEventsViewModel.swift */; };
		F71515632D86A26F001D55C3 /* RecommendedEventsView.swift in Sources */ = {isa = PBXBuildFile; fileRef = F71515622D86A26F001D55C3 /* RecommendedEventsView.swift */; };
		F746526A2D884FB2002CE163 /* LocationManager.swift in Sources */ = {isa = PBXBuildFile; fileRef = F74652692D884FB2002CE163 /* LocationManager.swift */; };
		F746F4E92D766320009B68BA /* EventAppPortalApp.swift in Sources */ = {isa = PBXBuildFile; fileRef = F746F4E82D766320009B68BA /* EventAppPortalApp.swift */; };
		F746F4F02D766322009B68BA /* Preview Assets.xcassets in Resources */ = {isa = PBXBuildFile; fileRef = F746F4EF2D766322009B68BA /* Preview Assets.xcassets */; };
		F7633E332D77589E00644438 /* TabBar.swift in Sources */ = {isa = PBXBuildFile; fileRef = F7633E322D77589E00644438 /* TabBar.swift */; };
		F764BB332D89CDC7002F53E3 /* Ghost.json in Resources */ = {isa = PBXBuildFile; fileRef = F764BB322D89CDC7002F53E3 /* Ghost.json */; };
		F773EC5E2D7888B50009AC93 /* Assets.xcassets in Resources */ = {isa = PBXBuildFile; fileRef = F773EC5D2D7888B50009AC93 /* Assets.xcassets */; };
		F773EC672D788A600009AC93 /* ColorExtension.swift in Sources */ = {isa = PBXBuildFile; fileRef = F773EC662D788A600009AC93 /* ColorExtension.swift */; };
		F773EC6A2D788DB90009AC93 /* Event.swift in Sources */ = {isa = PBXBuildFile; fileRef = F773EC692D788DB90009AC93 /* Event.swift */; };
		F773EC6E2D78A99F0009AC93 /* ViewEventDetail.swift in Sources */ = {isa = PBXBuildFile; fileRef = F773EC6D2D78A99F0009AC93 /* ViewEventDetail.swift */; };
		F773EC712D790FAC0009AC93 /* LottieView.swift in Sources */ = {isa = PBXBuildFile; fileRef = F773EC702D790FAC0009AC93 /* LottieView.swift */; };
		F773EC742D7910CE0009AC93 /* Lottie in Frameworks */ = {isa = PBXBuildFile; productRef = F773EC732D7910CE0009AC93 /* Lottie */; };
		F773EC762D7911650009AC93 /* locationbubble.json in Resources */ = {isa = PBXBuildFile; fileRef = F773EC752D7911650009AC93 /* locationbubble.json */; };
		F773EC782D7915C30009AC93 /* robotai.json in Resources */ = {isa = PBXBuildFile; fileRef = F773EC772D7915C30009AC93 /* robotai.json */; };
		F773EC7C2D79DD990009AC93 /* orbpurple.json in Resources */ = {isa = PBXBuildFile; fileRef = F773EC7B2D79DD990009AC93 /* orbpurple.json */; };
		F773EC802D79E1710009AC93 /* AIOrb.swift in Sources */ = {isa = PBXBuildFile; fileRef = F773EC7F2D79E1700009AC93 /* AIOrb.swift */; };
		F7855E9F2D7D1DD700D668CD /* NotificationView.swift in Sources */ = {isa = PBXBuildFile; fileRef = F7855E9E2D7D1DD700D668CD /* NotificationView.swift */; };
		F7855EA32D85195E00D668CD /* GoogleService-Info.plist in Resources */ = {isa = PBXBuildFile; fileRef = F7855EA22D85195D00D668CD /* GoogleService-Info.plist */; };
		F7855EA62D851A9F00D668CD /* FirebaseManager.swift in Sources */ = {isa = PBXBuildFile; fileRef = F7855EA52D851A9E00D668CD /* FirebaseManager.swift */; };
		F7855EA92D851B5100D668CD /* FirebaseAuth in Frameworks */ = {isa = PBXBuildFile; productRef = F7855EA82D851B5100D668CD /* FirebaseAuth */; };
		F7855EAB2D851B5100D668CD /* FirebaseFirestore in Frameworks */ = {isa = PBXBuildFile; productRef = F7855EAA2D851B5100D668CD /* FirebaseFirestore */; };
		F7855EAD2D851B5100D668CD /* FirebaseStorage in Frameworks */ = {isa = PBXBuildFile; productRef = F7855EAC2D851B5100D668CD /* FirebaseStorage */; };
		F7855EAF2D8521B900D668CD /* ContentView.swift in Sources */ = {isa = PBXBuildFile; fileRef = F7855EAE2D8521B900D668CD /* ContentView.swift */; };
		F79545232D8673AA0053ED72 /* CompactImageViewer.swift in Sources */ = {isa = PBXBuildFile; fileRef = F79545222D8673AA0053ED72 /* CompactImageViewer.swift */; };
		F79545252D8673C10053ED72 /* ImageViewer.swift in Sources */ = {isa = PBXBuildFile; fileRef = F79545242D8673C10053ED72 /* ImageViewer.swift */; };
		F79C82812D77564900C87783 /* ProfileView.swift in Sources */ = {isa = PBXBuildFile; fileRef = F79C82772D77564900C87783 /* ProfileView.swift */; };
		F79C82822D77564900C87783 /* HomeView.swift in Sources */ = {isa = PBXBuildFile; fileRef = F79C82782D77564900C87783 /* HomeView.swift */; };
		F79C82832D77564900C87783 /* DiscoverView.swift in Sources */ = {isa = PBXBuildFile; fileRef = F79C82792D77564900C87783 /* DiscoverView.swift */; };
		F79C82842D77564900C87783 /* CreateEventView.swift in Sources */ = {isa = PBXBuildFile; fileRef = F79C827A2D77564900C87783 /* CreateEventView.swift */; };
		F79C82852D77564900C87783 /* MainTabView.swift in Sources */ = {isa = PBXBuildFile; fileRef = F79C827B2D77564900C87783 /* MainTabView.swift */; };
		F79C82862D77564900C87783 /* ViewModifiers.swift in Sources */ = {isa = PBXBuildFile; fileRef = F79C827D2D77564900C87783 /* ViewModifiers.swift */; };
		F79C82872D77564900C87783 /* RegistrationView.swift in Sources */ = {isa = PBXBuildFile; fileRef = F79C827F2D77564900C87783 /* RegistrationView.swift */; };
		F79C82882D77564900C87783 /* LoginView.swift in Sources */ = {isa = PBXBuildFile; fileRef = F79C82802D77564900C87783 /* LoginView.swift */; };
/* End PBXBuildFile section */

/* Begin PBXFileReference section */
		F715155A2D868E26001D55C3 /* PhotoUploadView.swift */ = {isa = PBXFileReference; fileEncoding = 4; lastKnownFileType = sourcecode.swift; name = PhotoUploadView.swift; path = EventAppPortal/Views/Components/PhotoUploadView.swift; sourceTree = SOURCE_ROOT; };
		F715155C2D869B14001D55C3 /* EventImageUpdateView.swift */ = {isa = PBXFileReference; fileEncoding = 4; lastKnownFileType = sourcecode.swift; path = EventImageUpdateView.swift; sourceTree = "<group>"; };
		F715155E2D86A0E7001D55C3 /* EventRecommendationService.swift */ = {isa = PBXFileReference; fileEncoding = 4; lastKnownFileType = sourcecode.swift; path = EventRecommendationService.swift; sourceTree = "<group>"; };
		F71515602D86A15F001D55C3 /* RecommendedEventsViewModel.swift */ = {isa = PBXFileReference; fileEncoding = 4; lastKnownFileType = sourcecode.swift; name = RecommendedEventsViewModel.swift; path = EventAppPortal/ViewModels/RecommendedEventsViewModel.swift; sourceTree = SOURCE_ROOT; };
		F71515622D86A26F001D55C3 /* RecommendedEventsView.swift */ = {isa = PBXFileReference; fileEncoding = 4; lastKnownFileType = sourcecode.swift; path = RecommendedEventsView.swift; sourceTree = "<group>"; };
		F74652692D884FB2002CE163 /* LocationManager.swift */ = {isa = PBXFileReference; fileEncoding = 4; lastKnownFileType = sourcecode.swift; name = LocationManager.swift; path = EventAppPortal/Models/LocationManager.swift; sourceTree = SOURCE_ROOT; };
		F746526B2D884FFF002CE163 /* Info.plist */ = {isa = PBXFileReference; lastKnownFileType = text.plist; path = Info.plist; sourceTree = "<group>"; };
		F746F4E52D766320009B68BA /* EventAppPortal.app */ = {isa = PBXFileReference; explicitFileType = wrapper.application; includeInIndex = 0; path = EventAppPortal.app; sourceTree = BUILT_PRODUCTS_DIR; };
		F746F4E82D766320009B68BA /* EventAppPortalApp.swift */ = {isa = PBXFileReference; lastKnownFileType = sourcecode.swift; path = EventAppPortalApp.swift; sourceTree = "<group>"; };
		F746F4EF2D766322009B68BA /* Preview Assets.xcassets */ = {isa = PBXFileReference; lastKnownFileType = folder.assetcatalog; path = "Preview Assets.xcassets"; sourceTree = "<group>"; };
		F7633E322D77589E00644438 /* TabBar.swift */ = {isa = PBXFileReference; fileEncoding = 4; lastKnownFileType = sourcecode.swift; path = TabBar.swift; sourceTree = "<group>"; };
		F764BB322D89CDC7002F53E3 /* Ghost.json */ = {isa = PBXFileReference; fileEncoding = 4; lastKnownFileType = text.json; path = Ghost.json; sourceTree = "<group>"; };
		F773EC5D2D7888B50009AC93 /* Assets.xcassets */ = {isa = PBXFileReference; lastKnownFileType = folder.assetcatalog; path = Assets.xcassets; sourceTree = "<group>"; };
		F773EC662D788A600009AC93 /* ColorExtension.swift */ = {isa = PBXFileReference; lastKnownFileType = sourcecode.swift; path = ColorExtension.swift; sourceTree = "<group>"; };
		F773EC692D788DB90009AC93 /* Event.swift */ = {isa = PBXFileReference; fileEncoding = 4; lastKnownFileType = sourcecode.swift; path = Event.swift; sourceTree = "<group>"; };
		F773EC6D2D78A99F0009AC93 /* ViewEventDetail.swift */ = {isa = PBXFileReference; fileEncoding = 4; lastKnownFileType = sourcecode.swift; name = ViewEventDetail.swift; path = EventAppPortal/Views/Detail/ViewEventDetail.swift; sourceTree = SOURCE_ROOT; };
		F773EC702D790FAC0009AC93 /* LottieView.swift */ = {isa = PBXFileReference; fileEncoding = 4; lastKnownFileType = sourcecode.swift; path = LottieView.swift; sourceTree = "<group>"; };
		F773EC752D7911650009AC93 /* locationbubble.json */ = {isa = PBXFileReference; fileEncoding = 4; lastKnownFileType = text.json; path = locationbubble.json; sourceTree = "<group>"; };
		F773EC772D7915C30009AC93 /* robotai.json */ = {isa = PBXFileReference; fileEncoding = 4; lastKnownFileType = text.json; path = robotai.json; sourceTree = "<group>"; };
		F773EC7B2D79DD990009AC93 /* orbpurple.json */ = {isa = PBXFileReference; fileEncoding = 4; lastKnownFileType = text.json; path = orbpurple.json; sourceTree = "<group>"; };
		F773EC7F2D79E1700009AC93 /* AIOrb.swift */ = {isa = PBXFileReference; fileEncoding = 4; lastKnownFileType = sourcecode.swift; path = AIOrb.swift; sourceTree = "<group>"; };
		F7855E9E2D7D1DD700D668CD /* NotificationView.swift */ = {isa = PBXFileReference; lastKnownFileType = sourcecode.swift; path = NotificationView.swift; sourceTree = "<group>"; };
		F7855EA22D85195D00D668CD /* GoogleService-Info.plist */ = {isa = PBXFileReference; fileEncoding = 4; lastKnownFileType = text.plist.xml; path = "GoogleService-Info.plist"; sourceTree = "<group>"; };
		F7855EA52D851A9E00D668CD /* FirebaseManager.swift */ = {isa = PBXFileReference; fileEncoding = 4; lastKnownFileType = sourcecode.swift; path = FirebaseManager.swift; sourceTree = "<group>"; };
		F7855EAE2D8521B900D668CD /* ContentView.swift */ = {isa = PBXFileReference; lastKnownFileType = sourcecode.swift; path = ContentView.swift; sourceTree = "<group>"; };
		F79545222D8673AA0053ED72 /* CompactImageViewer.swift */ = {isa = PBXFileReference; fileEncoding = 4; lastKnownFileType = sourcecode.swift; name = CompactImageViewer.swift; path = EventAppPortal/Views/Components/CompactImageViewer.swift; sourceTree = SOURCE_ROOT; };
		F79545242D8673C10053ED72 /* ImageViewer.swift */ = {isa = PBXFileReference; fileEncoding = 4; lastKnownFileType = sourcecode.swift; name = ImageViewer.swift; path = EventAppPortal/Views/Components/ImageViewer.swift; sourceTree = SOURCE_ROOT; };
		F79C82772D77564900C87783 /* ProfileView.swift */ = {isa = PBXFileReference; fileEncoding = 4; lastKnownFileType = sourcecode.swift; path = ProfileView.swift; sourceTree = "<group>"; };
		F79C82782D77564900C87783 /* HomeView.swift */ = {isa = PBXFileReference; fileEncoding = 4; lastKnownFileType = sourcecode.swift; path = HomeView.swift; sourceTree = "<group>"; };
		F79C82792D77564900C87783 /* DiscoverView.swift */ = {isa = PBXFileReference; fileEncoding = 4; lastKnownFileType = sourcecode.swift; path = DiscoverView.swift; sourceTree = "<group>"; };
		F79C827A2D77564900C87783 /* CreateEventView.swift */ = {isa = PBXFileReference; fileEncoding = 4; lastKnownFileType = sourcecode.swift; path = CreateEventView.swift; sourceTree = "<group>"; };
		F79C827B2D77564900C87783 /* MainTabView.swift */ = {isa = PBXFileReference; fileEncoding = 4; lastKnownFileType = sourcecode.swift; path = MainTabView.swift; sourceTree = "<group>"; };
		F79C827D2D77564900C87783 /* ViewModifiers.swift */ = {isa = PBXFileReference; fileEncoding = 4; lastKnownFileType = sourcecode.swift; path = ViewModifiers.swift; sourceTree = "<group>"; };
		F79C827F2D77564900C87783 /* RegistrationView.swift */ = {isa = PBXFileReference; fileEncoding = 4; lastKnownFileType = sourcecode.swift; path = RegistrationView.swift; sourceTree = "<group>"; };
		F79C82802D77564900C87783 /* LoginView.swift */ = {isa = PBXFileReference; fileEncoding = 4; lastKnownFileType = sourcecode.swift; path = LoginView.swift; sourceTree = "<group>"; };
/* End PBXFileReference section */

/* Begin PBXFrameworksBuildPhase section */
		F746F4E22D766320009B68BA /* Frameworks */ = {
			isa = PBXFrameworksBuildPhase;
			buildActionMask = 2147483647;
			files = (
				F773EC742D7910CE0009AC93 /* Lottie in Frameworks */,
				F7855EAD2D851B5100D668CD /* FirebaseStorage in Frameworks */,
				F7855EA92D851B5100D668CD /* FirebaseAuth in Frameworks */,
				F7855EAB2D851B5100D668CD /* FirebaseFirestore in Frameworks */,
				F71515592D86795E001D55C3 /* Kingfisher in Frameworks */,
			);
			runOnlyForDeploymentPostprocessing = 0;
		};
/* End PBXFrameworksBuildPhase section */

/* Begin PBXGroup section */
		F746F4DC2D766320009B68BA = {
			isa = PBXGroup;
			children = (
				F746F4E72D766320009B68BA /* EventAppPortal */,
				F746F4E62D766320009B68BA /* Products */,
			);
			sourceTree = "<group>";
		};
		F746F4E62D766320009B68BA /* Products */ = {
			isa = PBXGroup;
			children = (
				F746F4E52D766320009B68BA /* EventAppPortal.app */,
			);
			name = Products;
			sourceTree = "<group>";
		};
		F746F4E72D766320009B68BA /* EventAppPortal */ = {
			isa = PBXGroup;
			children = (
				F746526B2D884FFF002CE163 /* Info.plist */,
				F7855EA42D851A9E00D668CD /* Services */,
				F773EC6F2D790FAC0009AC93 /* Components */,
				F773EC682D788DB90009AC93 /* Models */,
				F79C82752D77564900C87783 /* Views */,
				F773EC652D788A380009AC93 /* Extensions */,
				F746F4E82D766320009B68BA /* EventAppPortalApp.swift */,
				F7855EAE2D8521B900D668CD /* ContentView.swift */,
				F7855EA22D85195D00D668CD /* GoogleService-Info.plist */,
				F773EC5D2D7888B50009AC93 /* Assets.xcassets */,
				F746F4EE2D766322009B68BA /* Preview Content */,
			);
			path = EventAppPortal;
			sourceTree = "<group>";
		};
		F746F4EE2D766322009B68BA /* Preview Content */ = {
			isa = PBXGroup;
			children = (
				F746F4EF2D766322009B68BA /* Preview Assets.xcassets */,
			);
			path = "Preview Content";
			sourceTree = "<group>";
		};
		F773EC652D788A380009AC93 /* Extensions */ = {
			isa = PBXGroup;
			children = (
				F773EC662D788A600009AC93 /* ColorExtension.swift */,
			);
			path = Extensions;
			sourceTree = "<group>";
		};
		F773EC682D788DB90009AC93 /* Models */ = {
			isa = PBXGroup;
			children = (
				F71515602D86A15F001D55C3 /* RecommendedEventsViewModel.swift */,
				F773EC692D788DB90009AC93 /* Event.swift */,
			);
			path = Models;
			sourceTree = "<group>";
		};
		F773EC6F2D790FAC0009AC93 /* Components */ = {
			isa = PBXGroup;
			children = (
				F79545242D8673C10053ED72 /* ImageViewer.swift */,
				F79545222D8673AA0053ED72 /* CompactImageViewer.swift */,
				F71515622D86A26F001D55C3 /* RecommendedEventsView.swift */,
				F715155C2D869B14001D55C3 /* EventImageUpdateView.swift */,
				F773EC822D79EDC60009AC93 /* Resources */,
				F773EC702D790FAC0009AC93 /* LottieView.swift */,
				F773EC7F2D79E1700009AC93 /* AIOrb.swift */,
			);
			name = Components;
			path = Views/Components;
			sourceTree = "<group>";
		};
		F773EC822D79EDC60009AC93 /* Resources */ = {
			isa = PBXGroup;
			children = (
				F773EC852D79EE8A0009AC93 /* Lottie */,
			);
			name = Resources;
			path = EventAppPortal/Resources;
			sourceTree = SOURCE_ROOT;
		};
		F773EC852D79EE8A0009AC93 /* Lottie */ = {
			isa = PBXGroup;
			children = (
				F773EC752D7911650009AC93 /* locationbubble.json */,
				F773EC772D7915C30009AC93 /* robotai.json */,
				F764BB322D89CDC7002F53E3 /* Ghost.json */,
				F773EC7B2D79DD990009AC93 /* orbpurple.json */,
			);
			path = Lottie;
			sourceTree = "<group>";
		};
		F7855EA42D851A9E00D668CD /* Services */ = {
			isa = PBXGroup;
			children = (
				F74652692D884FB2002CE163 /* LocationManager.swift */,
				F715155E2D86A0E7001D55C3 /* EventRecommendationService.swift */,
				F7855EA52D851A9E00D668CD /* FirebaseManager.swift */,
			);
			path = Services;
			sourceTree = "<group>";
		};
		F7855EB02D85439D00D668CD /* Detail */ = {
			isa = PBXGroup;
			children = (
				F715155A2D868E26001D55C3 /* PhotoUploadView.swift */,
				F773EC6D2D78A99F0009AC93 /* ViewEventDetail.swift */,
			);
			path = Detail;
			sourceTree = "<group>";
		};
		F79C82752D77564900C87783 /* Views */ = {
			isa = PBXGroup;
			children = (
				F7855EB02D85439D00D668CD /* Detail */,
				F79C82762D77564900C87783 /* Tabs */,
				F79C827B2D77564900C87783 /* MainTabView.swift */,
				F7633E322D77589E00644438 /* TabBar.swift */,
				F79C827C2D77564900C87783 /* Modifiers */,
				F79C827E2D77564900C87783 /* Authentication */,
			);
			path = Views;
			sourceTree = "<group>";
		};
		F79C82762D77564900C87783 /* Tabs */ = {
			isa = PBXGroup;
			children = (
				F79C82772D77564900C87783 /* ProfileView.swift */,
				F79C82782D77564900C87783 /* HomeView.swift */,
				F79C82792D77564900C87783 /* DiscoverView.swift */,
				F79C827A2D77564900C87783 /* CreateEventView.swift */,
				F7855E9E2D7D1DD700D668CD /* NotificationView.swift */,
			);
			path = Tabs;
			sourceTree = "<group>";
		};
		F79C827C2D77564900C87783 /* Modifiers */ = {
			isa = PBXGroup;
			children = (
				F79C827D2D77564900C87783 /* ViewModifiers.swift */,
			);
			path = Modifiers;
			sourceTree = "<group>";
		};
		F79C827E2D77564900C87783 /* Authentication */ = {
			isa = PBXGroup;
			children = (
				F79C827F2D77564900C87783 /* RegistrationView.swift */,
				F79C82802D77564900C87783 /* LoginView.swift */,
			);
			path = Authentication;
			sourceTree = "<group>";
		};
/* End PBXGroup section */

/* Begin PBXNativeTarget section */
		F746F4E42D766320009B68BA /* EventAppPortal */ = {
			isa = PBXNativeTarget;
			buildConfigurationList = F746F4F32D766322009B68BA /* Build configuration list for PBXNativeTarget "EventAppPortal" */;
			buildPhases = (
				F746F4E12D766320009B68BA /* Sources */,
				F746F4E22D766320009B68BA /* Frameworks */,
				F746F4E32D766320009B68BA /* Resources */,
			);
			buildRules = (
			);
			dependencies = (
			);
			name = EventAppPortal;
			packageProductDependencies = (
				F773EC732D7910CE0009AC93 /* Lottie */,
				F7855EA82D851B5100D668CD /* FirebaseAuth */,
				F7855EAA2D851B5100D668CD /* FirebaseFirestore */,
				F7855EAC2D851B5100D668CD /* FirebaseStorage */,
				F71515582D86795E001D55C3 /* Kingfisher */,
			);
			productName = EventAppPortal;
			productReference = F746F4E52D766320009B68BA /* EventAppPortal.app */;
			productType = "com.apple.product-type.application";
		};
/* End PBXNativeTarget section */

/* Begin PBXProject section */
		F746F4DD2D766320009B68BA /* Project object */ = {
			isa = PBXProject;
			attributes = {
				BuildIndependentTargetsInParallel = 1;
				LastSwiftUpdateCheck = 1420;
				LastUpgradeCheck = 1420;
				TargetAttributes = {
					F746F4E42D766320009B68BA = {
						CreatedOnToolsVersion = 14.2;
					};
				};
			};
			buildConfigurationList = F746F4E02D766320009B68BA /* Build configuration list for PBXProject "EventAppPortal" */;
			compatibilityVersion = "Xcode 14.0";
			developmentRegion = en;
			hasScannedForEncodings = 0;
			knownRegions = (
				en,
				Base,
			);
			mainGroup = F746F4DC2D766320009B68BA;
			packageReferences = (
				F773EC722D7910CE0009AC93 /* XCRemoteSwiftPackageReference "lottie-ios" */,
				F7855EA72D851B5100D668CD /* XCRemoteSwiftPackageReference "firebase-ios-sdk" */,
				F71515572D86795E001D55C3 /* XCRemoteSwiftPackageReference "Kingfisher" */,
			);
			productRefGroup = F746F4E62D766320009B68BA /* Products */;
			projectDirPath = "";
			projectRoot = "";
			targets = (
				F746F4E42D766320009B68BA /* EventAppPortal */,
			);
		};
/* End PBXProject section */

/* Begin PBXResourcesBuildPhase section */
		F746F4E32D766320009B68BA /* Resources */ = {
			isa = PBXResourcesBuildPhase;
			buildActionMask = 2147483647;
			files = (
				F773EC782D7915C30009AC93 /* robotai.json in Resources */,
				F773EC7C2D79DD990009AC93 /* orbpurple.json in Resources */,
				F773EC762D7911650009AC93 /* locationbubble.json in Resources */,
				F764BB332D89CDC7002F53E3 /* Ghost.json in Resources */,
				F746F4F02D766322009B68BA /* Preview Assets.xcassets in Resources */,
				F773EC5E2D7888B50009AC93 /* Assets.xcassets in Resources */,
				F7855EA32D85195E00D668CD /* GoogleService-Info.plist in Resources */,
			);
			runOnlyForDeploymentPostprocessing = 0;
		};
/* End PBXResourcesBuildPhase section */

/* Begin PBXSourcesBuildPhase section */
		F746F4E12D766320009B68BA /* Sources */ = {
			isa = PBXSourcesBuildPhase;
			buildActionMask = 2147483647;
			files = (
				F79C82822D77564900C87783 /* HomeView.swift in Sources */,
				F773EC802D79E1710009AC93 /* AIOrb.swift in Sources */,
				F71515632D86A26F001D55C3 /* RecommendedEventsView.swift in Sources */,
				F79C82832D77564900C87783 /* DiscoverView.swift in Sources */,
				F7855E9F2D7D1DD700D668CD /* NotificationView.swift in Sources */,
				F79545232D8673AA0053ED72 /* CompactImageViewer.swift in Sources */,
				F773EC672D788A600009AC93 /* ColorExtension.swift in Sources */,
				F71515612D86A15F001D55C3 /* RecommendedEventsViewModel.swift in Sources */,
				F715155B2D868E26001D55C3 /* PhotoUploadView.swift in Sources */,
				F79C82872D77564900C87783 /* RegistrationView.swift in Sources */,
				F773EC6A2D788DB90009AC93 /* Event.swift in Sources */,
				F79C82862D77564900C87783 /* ViewModifiers.swift in Sources */,
				F746526A2D884FB2002CE163 /* LocationManager.swift in Sources */,
				F715155D2D869B14001D55C3 /* EventImageUpdateView.swift in Sources */,
				F79C82842D77564900C87783 /* CreateEventView.swift in Sources */,
				F715155F2D86A0E7001D55C3 /* EventRecommendationService.swift in Sources */,
				F79C82852D77564900C87783 /* MainTabView.swift in Sources */,
				F773EC6E2D78A99F0009AC93 /* ViewEventDetail.swift in Sources */,
				F79C82812D77564900C87783 /* ProfileView.swift in Sources */,
				F79545252D8673C10053ED72 /* ImageViewer.swift in Sources */,
				F7633E332D77589E00644438 /* TabBar.swift in Sources */,
				F773EC712D790FAC0009AC93 /* LottieView.swift in Sources */,
				F7855EAF2D8521B900D668CD /* ContentView.swift in Sources */,
				F79C82882D77564900C87783 /* LoginView.swift in Sources */,
				F746F4E92D766320009B68BA /* EventAppPortalApp.swift in Sources */,
				F7855EA62D851A9F00D668CD /* FirebaseManager.swift in Sources */,
			);
			runOnlyForDeploymentPostprocessing = 0;
		};
/* End PBXSourcesBuildPhase section */

/* Begin XCBuildConfiguration section */
		F746F4F12D766322009B68BA /* Debug */ = {
			isa = XCBuildConfiguration;
			buildSettings = {
				ALWAYS_SEARCH_USER_PATHS = NO;
				CLANG_ANALYZER_NONNULL = YES;
				CLANG_ANALYZER_NUMBER_OBJECT_CONVERSION = YES_AGGRESSIVE;
				CLANG_CXX_LANGUAGE_STANDARD = "gnu++20";
				CLANG_ENABLE_MODULES = YES;
				CLANG_ENABLE_OBJC_ARC = YES;
				CLANG_ENABLE_OBJC_WEAK = YES;
				CLANG_WARN_BLOCK_CAPTURE_AUTORELEASING = YES;
				CLANG_WARN_BOOL_CONVERSION = YES;
				CLANG_WARN_COMMA = YES;
				CLANG_WARN_CONSTANT_CONVERSION = YES;
				CLANG_WARN_DEPRECATED_OBJC_IMPLEMENTATIONS = YES;
				CLANG_WARN_DIRECT_OBJC_ISA_USAGE = YES_ERROR;
				CLANG_WARN_DOCUMENTATION_COMMENTS = YES;
				CLANG_WARN_EMPTY_BODY = YES;
				CLANG_WARN_ENUM_CONVERSION = YES;
				CLANG_WARN_INFINITE_RECURSION = YES;
				CLANG_WARN_INT_CONVERSION = YES;
				CLANG_WARN_NON_LITERAL_NULL_CONVERSION = YES;
				CLANG_WARN_OBJC_IMPLICIT_RETAIN_SELF = YES;
				CLANG_WARN_OBJC_LITERAL_CONVERSION = YES;
				CLANG_WARN_OBJC_ROOT_CLASS = YES_ERROR;
				CLANG_WARN_QUOTED_INCLUDE_IN_FRAMEWORK_HEADER = YES;
				CLANG_WARN_RANGE_LOOP_ANALYSIS = YES;
				CLANG_WARN_STRICT_PROTOTYPES = YES;
				CLANG_WARN_SUSPICIOUS_MOVE = YES;
				CLANG_WARN_UNGUARDED_AVAILABILITY = YES_AGGRESSIVE;
				CLANG_WARN_UNREACHABLE_CODE = YES;
				CLANG_WARN__DUPLICATE_METHOD_MATCH = YES;
				COPY_PHASE_STRIP = NO;
				DEBUG_INFORMATION_FORMAT = dwarf;
				ENABLE_STRICT_OBJC_MSGSEND = YES;
				ENABLE_TESTABILITY = YES;
				GCC_C_LANGUAGE_STANDARD = gnu11;
				GCC_DYNAMIC_NO_PIC = NO;
				GCC_NO_COMMON_BLOCKS = YES;
				GCC_OPTIMIZATION_LEVEL = 0;
				GCC_PREPROCESSOR_DEFINITIONS = (
					"DEBUG=1",
					"$(inherited)",
				);
				GCC_WARN_64_TO_32_BIT_CONVERSION = YES;
				GCC_WARN_ABOUT_RETURN_TYPE = YES_ERROR;
				GCC_WARN_UNDECLARED_SELECTOR = YES;
				GCC_WARN_UNINITIALIZED_AUTOS = YES_AGGRESSIVE;
				GCC_WARN_UNUSED_FUNCTION = YES;
				GCC_WARN_UNUSED_VARIABLE = YES;
				IPHONEOS_DEPLOYMENT_TARGET = 16.2;
				MTL_ENABLE_DEBUG_INFO = INCLUDE_SOURCE;
				MTL_FAST_MATH = YES;
				ONLY_ACTIVE_ARCH = YES;
				SDKROOT = iphoneos;
				SWIFT_ACTIVE_COMPILATION_CONDITIONS = DEBUG;
				SWIFT_OPTIMIZATION_LEVEL = "-Onone";
			};
			name = Debug;
		};
		F746F4F22D766322009B68BA /* Release */ = {
			isa = XCBuildConfiguration;
			buildSettings = {
				ALWAYS_SEARCH_USER_PATHS = NO;
				CLANG_ANALYZER_NONNULL = YES;
				CLANG_ANALYZER_NUMBER_OBJECT_CONVERSION = YES_AGGRESSIVE;
				CLANG_CXX_LANGUAGE_STANDARD = "gnu++20";
				CLANG_ENABLE_MODULES = YES;
				CLANG_ENABLE_OBJC_ARC = YES;
				CLANG_ENABLE_OBJC_WEAK = YES;
				CLANG_WARN_BLOCK_CAPTURE_AUTORELEASING = YES;
				CLANG_WARN_BOOL_CONVERSION = YES;
				CLANG_WARN_COMMA = YES;
				CLANG_WARN_CONSTANT_CONVERSION = YES;
				CLANG_WARN_DEPRECATED_OBJC_IMPLEMENTATIONS = YES;
				CLANG_WARN_DIRECT_OBJC_ISA_USAGE = YES_ERROR;
				CLANG_WARN_DOCUMENTATION_COMMENTS = YES;
				CLANG_WARN_EMPTY_BODY = YES;
				CLANG_WARN_ENUM_CONVERSION = YES;
				CLANG_WARN_INFINITE_RECURSION = YES;
				CLANG_WARN_INT_CONVERSION = YES;
				CLANG_WARN_NON_LITERAL_NULL_CONVERSION = YES;
				CLANG_WARN_OBJC_IMPLICIT_RETAIN_SELF = YES;
				CLANG_WARN_OBJC_LITERAL_CONVERSION = YES;
				CLANG_WARN_OBJC_ROOT_CLASS = YES_ERROR;
				CLANG_WARN_QUOTED_INCLUDE_IN_FRAMEWORK_HEADER = YES;
				CLANG_WARN_RANGE_LOOP_ANALYSIS = YES;
				CLANG_WARN_STRICT_PROTOTYPES = YES;
				CLANG_WARN_SUSPICIOUS_MOVE = YES;
				CLANG_WARN_UNGUARDED_AVAILABILITY = YES_AGGRESSIVE;
				CLANG_WARN_UNREACHABLE_CODE = YES;
				CLANG_WARN__DUPLICATE_METHOD_MATCH = YES;
				COPY_PHASE_STRIP = NO;
				DEBUG_INFORMATION_FORMAT = "dwarf-with-dsym";
				ENABLE_NS_ASSERTIONS = NO;
				ENABLE_STRICT_OBJC_MSGSEND = YES;
				GCC_C_LANGUAGE_STANDARD = gnu11;
				GCC_NO_COMMON_BLOCKS = YES;
				GCC_WARN_64_TO_32_BIT_CONVERSION = YES;
				GCC_WARN_ABOUT_RETURN_TYPE = YES_ERROR;
				GCC_WARN_UNDECLARED_SELECTOR = YES;
				GCC_WARN_UNINITIALIZED_AUTOS = YES_AGGRESSIVE;
				GCC_WARN_UNUSED_FUNCTION = YES;
				GCC_WARN_UNUSED_VARIABLE = YES;
				IPHONEOS_DEPLOYMENT_TARGET = 16.2;
				MTL_ENABLE_DEBUG_INFO = NO;
				MTL_FAST_MATH = YES;
				SDKROOT = iphoneos;
				SWIFT_COMPILATION_MODE = wholemodule;
				SWIFT_OPTIMIZATION_LEVEL = "-O";
				VALIDATE_PRODUCT = YES;
			};
			name = Release;
		};
		F746F4F42D766322009B68BA /* Debug */ = {
			isa = XCBuildConfiguration;
			buildSettings = {
				ASSETCATALOG_COMPILER_APPICON_NAME = AppIcon;
				ASSETCATALOG_COMPILER_GLOBAL_ACCENT_COLOR_NAME = AccentColor;
				ASSETCATALOG_COMPILER_INCLUDE_ALL_APPICON_ASSETS = YES;
				CODE_SIGN_STYLE = Automatic;
				CURRENT_PROJECT_VERSION = 1;
				DEVELOPMENT_ASSET_PATHS = "\"EventAppPortal/Preview Content\"";
				DEVELOPMENT_TEAM = RB57AZ828B;
				ENABLE_PREVIEWS = YES;
				GENERATE_INFOPLIST_FILE = YES;
				INFOPLIST_FILE = EventAppPortal/Info.plist;
				INFOPLIST_KEY_CFBundleDisplayName = LinkedUp;
				INFOPLIST_KEY_LSApplicationCategoryType = "public.app-category.lifestyle";
				INFOPLIST_KEY_NSLocationWhenInUseUsageDescription = "We need your location to show you nearby events and update your profile location.";
				INFOPLIST_KEY_UIApplicationSceneManifest_Generation = YES;
				INFOPLIST_KEY_UIApplicationSupportsIndirectInputEvents = YES;
				INFOPLIST_KEY_UILaunchScreen_Generation = YES;
				INFOPLIST_KEY_UISupportedInterfaceOrientations_iPad = "UIInterfaceOrientationPortrait UIInterfaceOrientationPortraitUpsideDown UIInterfaceOrientationLandscapeLeft UIInterfaceOrientationLandscapeRight";
				INFOPLIST_KEY_UISupportedInterfaceOrientations_iPhone = "UIInterfaceOrientationPortrait UIInterfaceOrientationLandscapeLeft UIInterfaceOrientationLandscapeRight";
				IPHONEOS_DEPLOYMENT_TARGET = 16.0;
				LD_RUNPATH_SEARCH_PATHS = (
					"$(inherited)",
					"@executable_path/Frameworks",
				);
				MARKETING_VERSION = 1.0;
				PRODUCT_BUNDLE_IDENTIFIER = io.eventapp.ios16.EventAppPortal;
				PRODUCT_NAME = "$(TARGET_NAME)";
				SUPPORTED_PLATFORMS = "iphoneos iphonesimulator";
				SUPPORTS_MACCATALYST = NO;
				SUPPORTS_MAC_DESIGNED_FOR_IPHONE_IPAD = NO;
				SWIFT_EMIT_LOC_STRINGS = YES;
				SWIFT_VERSION = 5.0;
				TARGETED_DEVICE_FAMILY = 1;
			};
			name = Debug;
		};
		F746F4F52D766322009B68BA /* Release */ = {
			isa = XCBuildConfiguration;
			buildSettings = {
				ASSETCATALOG_COMPILER_APPICON_NAME = AppIcon;
				ASSETCATALOG_COMPILER_GLOBAL_ACCENT_COLOR_NAME = AccentColor;
				ASSETCATALOG_COMPILER_INCLUDE_ALL_APPICON_ASSETS = YES;
				CODE_SIGN_STYLE = Automatic;
				CURRENT_PROJECT_VERSION = 1;
				DEVELOPMENT_ASSET_PATHS = "\"EventAppPortal/Preview Content\"";
				DEVELOPMENT_TEAM = RB57AZ828B;
				ENABLE_PREVIEWS = YES;
				GENERATE_INFOPLIST_FILE = YES;
				INFOPLIST_FILE = EventAppPortal/Info.plist;
				INFOPLIST_KEY_CFBundleDisplayName = LinkedUp;
				INFOPLIST_KEY_LSApplicationCategoryType = "public.app-category.lifestyle";
				INFOPLIST_KEY_NSLocationWhenInUseUsageDescription = "We need your location to show you nearby events and update your profile location.";
				INFOPLIST_KEY_UIApplicationSceneManifest_Generation = YES;
				INFOPLIST_KEY_UIApplicationSupportsIndirectInputEvents = YES;
				INFOPLIST_KEY_UILaunchScreen_Generation = YES;
				INFOPLIST_KEY_UISupportedInterfaceOrientations_iPad = "UIInterfaceOrientationPortrait UIInterfaceOrientationPortraitUpsideDown UIInterfaceOrientationLandscapeLeft UIInterfaceOrientationLandscapeRight";
				INFOPLIST_KEY_UISupportedInterfaceOrientations_iPhone = "UIInterfaceOrientationPortrait UIInterfaceOrientationLandscapeLeft UIInterfaceOrientationLandscapeRight";
				IPHONEOS_DEPLOYMENT_TARGET = 16.0;
				LD_RUNPATH_SEARCH_PATHS = (
					"$(inherited)",
					"@executable_path/Frameworks",
				);
				MARKETING_VERSION = 1.0;
				PRODUCT_BUNDLE_IDENTIFIER = io.eventapp.ios16.EventAppPortal;
				PRODUCT_NAME = "$(TARGET_NAME)";
				SUPPORTED_PLATFORMS = "iphoneos iphonesimulator";
				SUPPORTS_MACCATALYST = NO;
				SUPPORTS_MAC_DESIGNED_FOR_IPHONE_IPAD = NO;
				SWIFT_EMIT_LOC_STRINGS = YES;
				SWIFT_VERSION = 5.0;
				TARGETED_DEVICE_FAMILY = 1;
			};
			name = Release;
		};
/* End XCBuildConfiguration section */

/* Begin XCConfigurationList section */
		F746F4E02D766320009B68BA /* Build configuration list for PBXProject "EventAppPortal" */ = {
			isa = XCConfigurationList;
			buildConfigurations = (
				F746F4F12D766322009B68BA /* Debug */,
				F746F4F22D766322009B68BA /* Release */,
			);
			defaultConfigurationIsVisible = 0;
			defaultConfigurationName = Release;
		};
		F746F4F32D766322009B68BA /* Build configuration list for PBXNativeTarget "EventAppPortal" */ = {
			isa = XCConfigurationList;
			buildConfigurations = (
				F746F4F42D766322009B68BA /* Debug */,
				F746F4F52D766322009B68BA /* Release */,
			);
			defaultConfigurationIsVisible = 0;
			defaultConfigurationName = Release;
		};
/* End XCConfigurationList section */

/* Begin XCRemoteSwiftPackageReference section */
		F71515572D86795E001D55C3 /* XCRemoteSwiftPackageReference "Kingfisher" */ = {
			isa = XCRemoteSwiftPackageReference;
			repositoryURL = "https://github.com/onevcat/Kingfisher.git";
			requirement = {
				kind = upToNextMajorVersion;
				minimumVersion = 7.0.0;
			};
		};
		F773EC722D7910CE0009AC93 /* XCRemoteSwiftPackageReference "lottie-ios" */ = {
			isa = XCRemoteSwiftPackageReference;
			repositoryURL = "https://github.com/airbnb/lottie-ios.git";
			requirement = {
				kind = exactVersion;
				version = 3.5.0;
			};
		};
		F7855EA72D851B5100D668CD /* XCRemoteSwiftPackageReference "firebase-ios-sdk" */ = {
			isa = XCRemoteSwiftPackageReference;
			repositoryURL = "https://github.com/firebase/firebase-ios-sdk.git";
			requirement = {
				kind = upToNextMajorVersion;
				minimumVersion = 9.0.0;
			};
		};
/* End XCRemoteSwiftPackageReference section */

/* Begin XCSwiftPackageProductDependency section */
		F71515582D86795E001D55C3 /* Kingfisher */ = {
			isa = XCSwiftPackageProductDependency;
			package = F71515572D86795E001D55C3 /* XCRemoteSwiftPackageReference "Kingfisher" */;
			productName = Kingfisher;
		};
		F773EC732D7910CE0009AC93 /* Lottie */ = {
			isa = XCSwiftPackageProductDependency;
			package = F773EC722D7910CE0009AC93 /* XCRemoteSwiftPackageReference "lottie-ios" */;
			productName = Lottie;
		};
		F7855EA82D851B5100D668CD /* FirebaseAuth */ = {
			isa = XCSwiftPackageProductDependency;
			package = F7855EA72D851B5100D668CD /* XCRemoteSwiftPackageReference "firebase-ios-sdk" */;
			productName = FirebaseAuth;
		};
		F7855EAA2D851B5100D668CD /* FirebaseFirestore */ = {
			isa = XCSwiftPackageProductDependency;
			package = F7855EA72D851B5100D668CD /* XCRemoteSwiftPackageReference "firebase-ios-sdk" */;
			productName = FirebaseFirestore;
		};
		F7855EAC2D851B5100D668CD /* FirebaseStorage */ = {
			isa = XCSwiftPackageProductDependency;
			package = F7855EA72D851B5100D668CD /* XCRemoteSwiftPackageReference "firebase-ios-sdk" */;
			productName = FirebaseStorage;
		};
/* End XCSwiftPackageProductDependency section */
	};
	rootObject = F746F4DD2D766320009B68BA /* Project object */;
}
